
Microsoft Visual Studio Solution File, Format Version 12.00
# Visual Studio 15
VisualStudioVersion = 15.0.27004.2009
MinimumVisualStudioVersion = 10.0.40219.1
Project("{FAE04EC0-301F-11D3-BF4B-00C04F79EFBC}") = "PlanIT", "PlanIT\PlanIT.csproj", "{781D5975-509E-441D-B3CC-9078E4C0EDF1}"
EndProject
Global
	GlobalSection(SolutionConfigurationPlatforms) = preSolution
		Debug|Any CPU = Debug|Any CPU
		Release|Any CPU = Release|Any CPU
	EndGlobalSection
	GlobalSection(ProjectConfigurationPlatforms) = postSolution
		{781D5975-509E-441D-B3CC-9078E4C0EDF1}.Debug|Any CPU.ActiveCfg = Debug|Any CPU
		{781D5975-509E-441D-B3CC-9078E4C0EDF1}.Debug|Any CPU.Build.0 = Debug|Any CPU
		{781D5975-509E-441D-B3CC-9078E4C0EDF1}.Release|Any CPU.ActiveCfg = Release|Any CPU
		{781D5975-509E-441D-B3CC-9078E4C0EDF1}.Release|Any CPU.Build.0 = Release|Any CPU
	EndGlobalSection
	GlobalSection(SolutionProperties) = preSolution
		HideSolutionNode = FALSE
	EndGlobalSection
	GlobalSection(ExtensibilityGlobals) = postSolution
		SolutionGuid = {753AC0A5-EB44-40CA-9BD8-F593F498354D}
	EndGlobalSection
EndGlobal
